
Microsoft Visual Studio Solution File, Format Version 12.00
# Visual Studio Version 17
VisualStudioVersion = 17.14.36623.8 d17.14
MinimumVisualStudioVersion = 10.0.40219.1
Project("{FAE04EC0-301F-11D3-BF4B-00C04F79EFBC}") = "QLTV_GUI", "QLTV_GUI\QLTV_GUI.csproj", "{167B015E-62E0-41FA-AFE4-9B232800A8EF}"
EndProject
Project("{FAE04EC0-301F-11D3-BF4B-00C04F79EFBC}") = "QLTV_DAL", "QLTV_DAL\QLTV_DAL.csproj", "{4AD00F30-815C-49E8-A35A-92BFAAD0C37B}"
EndProject
Project("{FAE04EC0-301F-11D3-BF4B-00C04F79EFBC}") = "QLTV_BLL", "QLTV_BLL\QLTV_BLL.csproj", "{B21E19F0-056D-4FD5-9264-0CCA3AC2D830}"
EndProject
Project("{2150E333-8FDC-42A3-9474-1A3956D46DE8}") = "Database", "Database", "{02EA681E-C7D8-13C7-8484-4AC65E1B71E8}"
	ProjectSection(SolutionItems) = preProject
		02_InsertSampleData.sql = 02_InsertSampleData.sql
		01_CreateDatabase.sql = 01_CreateDatabase.sql
		ConnectionString.txt = ConnectionString.txt
	EndProjectSection
EndProject
Global
	GlobalSection(SolutionConfigurationPlatforms) = preSolution
		Debug|Any CPU = Debug|Any CPU
		Release|Any CPU = Release|Any CPU
	EndGlobalSection
	GlobalSection(ProjectConfigurationPlatforms) = postSolution
		{167B015E-62E0-41FA-AFE4-9B232800A8EF}.Debug|Any CPU.ActiveCfg = Debug|Any CPU
		{167B015E-62E0-41FA-AFE4-9B232800A8EF}.Debug|Any CPU.Build.0 = Debug|Any CPU
		{167B015E-62E0-41FA-AFE4-9B232800A8EF}.Release|Any CPU.ActiveCfg = Release|Any CPU
		{167B015E-62E0-41FA-AFE4-9B232800A8EF}.Release|Any CPU.Build.0 = Release|Any CPU
		{4AD00F30-815C-49E8-A35A-92BFAAD0C37B}.Debug|Any CPU.ActiveCfg = Debug|Any CPU
		{4AD00F30-815C-49E8-A35A-92BFAAD0C37B}.Debug|Any CPU.Build.0 = Debug|Any CPU
		{4AD00F30-815C-49E8-A35A-92BFAAD0C37B}.Release|Any CPU.ActiveCfg = Release|Any CPU
		{4AD00F30-815C-49E8-A35A-92BFAAD0C37B}.Release|Any CPU.Build.0 = Release|Any CPU
		{B21E19F0-056D-4FD5-9264-0CCA3AC2D830}.Debug|Any CPU.ActiveCfg = Debug|Any CPU
		{B21E19F0-056D-4FD5-9264-0CCA3AC2D830}.Debug|Any CPU.Build.0 = Debug|Any CPU
		{B21E19F0-056D-4FD5-9264-0CCA3AC2D830}.Release|Any CPU.ActiveCfg = Release|Any CPU
		{B21E19F0-056D-4FD5-9264-0CCA3AC2D830}.Release|Any CPU.Build.0 = Release|Any CPU
	EndGlobalSection
	GlobalSection(SolutionProperties) = preSolution
		HideSolutionNode = FALSE
	EndGlobalSection
	GlobalSection(ExtensibilityGlobals) = postSolution
		SolutionGuid = {101F5085-E616-48F2-9653-F72D925A0871}
	EndGlobalSection
EndGlobal
